
Microsoft Visual Studio Solution File, Format Version 12.00
# Visual Studio Version 17
VisualStudioVersion = 17.14.37411.7 d17.14
MinimumVisualStudioVersion = 10.0.40219.1
Project("{FAE04EC0-301F-11D3-BF4B-00C04F79EFBC}") = "self_help_rpg", "self_help_rpg\self_help_rpg.csproj", "{D5ECF386-F8B6-422F-99FE-569C5B904A98}"
EndProject
Global
	GlobalSection(SolutionConfigurationPlatforms) = preSolution
		Debug|Any CPU = Debug|Any CPU
		Release|Any CPU = Release|Any CPU
	EndGlobalSection
	GlobalSection(ProjectConfigurationPlatforms) = postSolution
		{D5ECF386-F8B6-422F-99FE-569C5B904A98}.Debug|Any CPU.ActiveCfg = Debug|Any CPU
		{D5ECF386-F8B6-422F-99FE-569C5B904A98}.Debug|Any CPU.Build.0 = Debug|Any CPU
		{D5ECF386-F8B6-422F-99FE-569C5B904A98}.Release|Any CPU.ActiveCfg = Release|Any CPU
		{D5ECF386-F8B6-422F-99FE-569C5B904A98}.Release|Any CPU.Build.0 = Release|Any CPU
	EndGlobalSection
	GlobalSection(SolutionProperties) = preSolution
		HideSolutionNode = FALSE
	EndGlobalSection
	GlobalSection(ExtensibilityGlobals) = postSolution
		SolutionGuid = {B70B82C9-32EE-48A5-89B9-32FA2139DC8E}
	EndGlobalSection
EndGlobal
